
Microsoft Visual Studio Solution File, Format Version 12.00
# Visual Studio Version 16
VisualStudioVersion = 16.0.28729.10
MinimumVisualStudioVersion = 15.0.26124.0
Project("{2150E333-8FDC-42A3-9474-1A3956D46DE8}") = "src", "src", "{EAC08640-1D75-4746-8EB2-12105B670968}"
EndProject
Project("{9A19103F-16F7-4668-BE54-9A1E7A4F7556}") = "Phonebook.Source.PeopleSoft", "src\Phonebook.Source.PeopleSoft\Phonebook.Source.PeopleSoft.csproj", "{CFD27F36-BADC-4425-B22A-C38D1D744667}"
EndProject
Project("{2150E333-8FDC-42A3-9474-1A3956D46DE8}") = "Solution Items", "Solution Items", "{6029D2E1-DE2B-48B5-80FA-C1B3D5B6B270}"
	ProjectSection(SolutionItems) = preProject
		..\.gitignore = ..\.gitignore
		..\global.json = ..\global.json
		..\LICENSE = ..\LICENSE
		..\Readme.md = ..\Readme.md
	EndProjectSection
EndProject
Global
	GlobalSection(SolutionConfigurationPlatforms) = preSolution
		Debug|Any CPU = Debug|Any CPU
		Debug|x64 = Debug|x64
		Debug|x86 = Debug|x86
		Release|Any CPU = Release|Any CPU
		Release|x64 = Release|x64
		Release|x86 = Release|x86
	EndGlobalSection
	GlobalSection(ProjectConfigurationPlatforms) = postSolution
		{CFD27F36-BADC-4425-B22A-C38D1D744667}.Debug|Any CPU.ActiveCfg = Debug|Any CPU
		{CFD27F36-BADC-4425-B22A-C38D1D744667}.Debug|Any CPU.Build.0 = Debug|Any CPU
		{CFD27F36-BADC-4425-B22A-C38D1D744667}.Debug|x64.ActiveCfg = Debug|Any CPU
		{CFD27F36-BADC-4425-B22A-C38D1D744667}.Debug|x64.Build.0 = Debug|Any CPU
		{CFD27F36-BADC-4425-B22A-C38D1D744667}.Debug|x86.ActiveCfg = Debug|Any CPU
		{CFD27F36-BADC-4425-B22A-C38D1D744667}.Debug|x86.Build.0 = Debug|Any CPU
		{CFD27F36-BADC-4425-B22A-C38D1D744667}.Release|Any CPU.ActiveCfg = Release|Any CPU
		{CFD27F36-BADC-4425-B22A-C38D1D744667}.Release|Any CPU.Build.0 = Release|Any CPU
		{CFD27F36-BADC-4425-B22A-C38D1D744667}.Release|x64.ActiveCfg = Release|Any CPU
		{CFD27F36-BADC-4425-B22A-C38D1D744667}.Release|x64.Build.0 = Release|Any CPU
		{CFD27F36-BADC-4425-B22A-C38D1D744667}.Release|x86.ActiveCfg = Release|Any CPU
		{CFD27F36-BADC-4425-B22A-C38D1D744667}.Release|x86.Build.0 = Release|Any CPU
	EndGlobalSection
	GlobalSection(SolutionProperties) = preSolution
		HideSolutionNode = FALSE
	EndGlobalSection
	GlobalSection(NestedProjects) = preSolution
		{CFD27F36-BADC-4425-B22A-C38D1D744667} = {EAC08640-1D75-4746-8EB2-12105B670968}
	EndGlobalSection
	GlobalSection(ExtensibilityGlobals) = postSolution
		SolutionGuid = {41637260-B156-4C3F-B56E-4F56111FE80D}
	EndGlobalSection
EndGlobal
